{
  "version": "2",
  "remote": {
    "https://deno.land/std@0.126.0/_util/assert.ts": "6396c1bd0361c4939e7f32f9b03efffcd04b640a1b206ed67058553d6cb59cc4",
    "https://deno.land/std@0.126.0/async/deadline.ts": "edbdf6cd7a5e3337c4c24c9b616491f8f1d61d36fc415d5d5b4af33557de0d23",
    "https://deno.land/std@0.126.0/async/debounce.ts": "3cf9306b4e9038ee3238111e338f412ecf3541b1a97ba9fc1f960be8af5a5f39",
    "https://deno.land/std@0.126.0/async/deferred.ts": "677692a2399d4cabbc45e06abe4f585afd6196c59e24a98edb866598af9f0eef",
    "https://deno.land/std@0.126.0/async/delay.ts": "f38013c800f5129b14fdbf41fb4f4fbaf9525f69f4266946e14d0cf57c830b0c",
    "https://deno.land/std@0.126.0/async/mod.ts": "a28709190a1966cb50e5815ef269bb588ee192373cde73b1096641820dc52a36",
    "https://deno.land/std@0.126.0/async/mux_async_iterator.ts": "35561f258d32c77170f9d1faf3d650890fb6502d5fe12f505c050b4ea1aee899",
    "https://deno.land/std@0.126.0/async/pool.ts": "97b0dd27c69544e374df857a40902e74e39532f226005543eabacb551e277082",
    "https://deno.land/std@0.126.0/async/tee.ts": "518c7bfd5184c8cd92b47115026a6a2243e81d83e2c3e71c2aa5cdb5988998b1",
    "https://deno.land/std@0.126.0/datetime/formatter.ts": "405f255681e8a771e01dd9d3bb6f04fc89c962344403642f89c8eccc7300bc91",
    "https://deno.land/std@0.126.0/datetime/mod.ts": "d2f0fe0d9456485205bf1acbac774e324a20f7787cfb4938f6460514e9551d51",
    "https://deno.land/std@0.126.0/datetime/tokenizer.ts": "80a91cea31cb45cf7f4c15041fb2832656cb786c300e922f1263befbba3e1b87",
    "https://deno.land/std@0.126.0/http/cookie.ts": "bcbbee7c6fefba53d50d78a7697f6f2f32704da7d9bb557de7ca822922e0a52a",
    "https://deno.land/std@0.126.0/http/http_status.ts": "3e0b5615881917ad82bddf5395fbab6a82d2d20c1d77e98089513a26e3257b2c",
    "https://deno.land/std@0.126.0/http/server.ts": "10c3a7814666cdbabd6f9c18acdcc4593e222275a628280a4868881445fbb5bc",
    "https://deno.land/std@0.130.0/_util/assert.ts": "e94f2eb37cebd7f199952e242c77654e43333c1ac4c5c700e929ea3aa5489f74",
    "https://deno.land/std@0.130.0/_wasm_crypto/crypto.mjs": "3b383eb715e8bfe61b4450ef0644b2653429c88d494807c86c5235979f62e56b",
    "https://deno.land/std@0.130.0/_wasm_crypto/crypto.wasm.mjs": "0ad9ecc0d03ca8a083d9109db22e7507f019f63cf55b82ea618ab58855617577",
    "https://deno.land/std@0.130.0/_wasm_crypto/mod.ts": "30a93c8b6b6c5b269e96a3e95d2c045d86a496814a8737443b77cad941d6a0b5",
    "https://deno.land/std@0.130.0/async/deferred.ts": "bc18e28108252c9f67dfca2bbc4587c3cbf3aeb6e155f8c864ca8ecff992b98a",
    "https://deno.land/std@0.130.0/bytes/bytes_list.ts": "67eb118e0b7891d2f389dad4add35856f4ad5faab46318ff99653456c23b025d",
    "https://deno.land/std@0.130.0/bytes/equals.ts": "fc16dff2090cced02497f16483de123dfa91e591029f985029193dfaa9d894c9",
    "https://deno.land/std@0.130.0/bytes/mod.ts": "d3b455c0dbd4804644159d1e25946ade5ee385d2359894de49e2c6101b18b7a9",
    "https://deno.land/std@0.130.0/crypto/mod.ts": "a10fee951ddf2c91ae5938ba2a1d123580f773e533008988ba6089ddd2b65d67",
    "https://deno.land/std@0.130.0/encoding/base64.ts": "c8c16b4adaa60d7a8eee047c73ece26844435e8f7f1328d74593dbb2dd58ea4f",
    "https://deno.land/std@0.130.0/encoding/hex.ts": "7f023e1e51cfd6b189682e602e8640939e7be71a300a2fcf3daf8f84dc609bbc",
    "https://deno.land/std@0.130.0/fmt/colors.ts": "30455035d6d728394781c10755351742dd731e3db6771b1843f9b9e490104d37",
    "https://deno.land/std@0.130.0/io/buffer.ts": "bd0c4bf53db4b4be916ca5963e454bddfd3fcd45039041ea161dbf826817822b",
    "https://deno.land/std@0.130.0/io/files.ts": "d199ef64e918a256320ba8d8d44ae91de87c9077df8f8d6cca013f1b9fbbe285",
    "https://deno.land/std@0.130.0/io/mod.ts": "1a4e8d19d42745fb2ff68d6ffa801657a4a15713bf7e7173df2da4737f5c5450",
    "https://deno.land/std@0.130.0/io/readers.ts": "679471f3b9929b54393c9cd75b6bd178b4bc6d9aab5c0f1f9538f862cf4746fe",
    "https://deno.land/std@0.130.0/io/streams.ts": "988a19155b52161f0035ce539e2f1d12edbc4c389fa7633da832a64e6edbe1a0",
    "https://deno.land/std@0.130.0/io/types.d.ts": "01f60ae7ec02675b5dbed150d258fc184a78dfe5c209ef53ba4422b46b58822c",
    "https://deno.land/std@0.130.0/io/util.ts": "078da53bba767bec0d45f7da44411f6dbf269e51ef7fcfea5e3714e04681c674",
    "https://deno.land/std@0.130.0/io/writers.ts": "5db9995d2afc7ed391c88c6b441457df6fad6a0b09653e54c1dcd0387ab947fd",
    "https://deno.land/std@0.130.0/streams/conversion.ts": "712585bfa0172a97fb68dd46e784ae8ad59d11b88079d6a4ab098ff42e697d21",
    "https://deno.land/std@0.130.0/testing/_diff.ts": "9d849cd6877694152e01775b2d93f9d6b7aef7e24bfe3bfafc4d7a1ac8e9f392",
    "https://deno.land/std@0.130.0/testing/asserts.ts": "b0ef969032882b1f7eb1c7571e313214baa1485f7b61cf35807b2434e254365c",
    "https://deno.land/std@0.153.0/_deno_unstable.ts": "4ddb8672d49d58b5bbc4a5a7a2f1b3bce4fd06aa4c8b8476728334391667de7b",
    "https://deno.land/std@0.153.0/_util/assert.ts": "e94f2eb37cebd7f199952e242c77654e43333c1ac4c5c700e929ea3aa5489f74",
    "https://deno.land/std@0.153.0/_util/os.ts": "3b4c6e27febd119d36a416d7a97bd3b0251b77c88942c8f16ee5953ea13e2e49",
    "https://deno.land/std@0.153.0/fmt/colors.ts": "ff7dc9c9f33a72bd48bc24b21bbc1b4545d8494a431f17894dbc5fe92a938fc4",
    "https://deno.land/std@0.153.0/fs/_util.ts": "2cf50bfb1081c2d5f2efec10ac19abbc2baf478e51cd1b057d0da2f30585b6ba",
    "https://deno.land/std@0.153.0/fs/copy.ts": "a4ac2d99610a7e3ecf1c5d4a289fbe2dd0db6d7192ca38a7feb2087e44e4896a",
    "https://deno.land/std@0.153.0/fs/empty_dir.ts": "b974be6f8a5eea7a25dc659f16afef7739ba47a3c59e4c1185277dfe2ce377c0",
    "https://deno.land/std@0.153.0/fs/ensure_dir.ts": "99533ab0c562fc5b5f84d4be86f7bc11c56b2ca2f34efee26b50dac14066108f",
    "https://deno.land/std@0.153.0/fs/ensure_file.ts": "a2f68dded4ca8a56733e13b63e18ae5c4a32839e111c948b42eaa71ece27ae1c",
    "https://deno.land/std@0.153.0/fs/ensure_link.ts": "a1f45d758cf66c3b796934cd42ed2155a819ab9dda616cb3cce26d553fd82975",
    "https://deno.land/std@0.153.0/fs/ensure_symlink.ts": "2b8ff06dd54667980651bde32658d0db906488275a8440c07c6056b01518adfd",
    "https://deno.land/std@0.153.0/fs/eol.ts": "b92f0b88036de507e7e6fbedbe8f666835ea9dcbf5ac85917fa1fadc919f83a5",
    "https://deno.land/std@0.153.0/fs/exists.ts": "cb734d872f8554ea40b8bff77ad33d4143c1187eac621a55bf37781a43c56f6d",
    "https://deno.land/std@0.153.0/fs/expand_glob.ts": "38895bcbd2ae30ef9757b9a1abd1ab75caaf5277ef4a4ee337ec1480e5ebb681",
    "https://deno.land/std@0.153.0/fs/mod.ts": "354a6f972ef4e00c4dd1f1339a8828ef0764c1c23d3c0010af3fcc025d8655b0",
    "https://deno.land/std@0.153.0/fs/move.ts": "afc56e409947961f200b2e562a22ab44326c3cf89f647abdd5dfb148ef9010bd",
    "https://deno.land/std@0.153.0/fs/walk.ts": "6ce8d87fbaeda23383e979599ad27f3f94b3e5ff0c0cd976b5fc5c2aa0df7d92",
    "https://deno.land/std@0.153.0/path/_constants.ts": "df1db3ffa6dd6d1252cc9617e5d72165cd2483df90e93833e13580687b6083c3",
    "https://deno.land/std@0.153.0/path/_interface.ts": "ee3b431a336b80cf445441109d089b70d87d5e248f4f90ff906820889ecf8d09",
    "https://deno.land/std@0.153.0/path/_util.ts": "d16be2a16e1204b65f9d0dfc54a9bc472cafe5f4a190b3c8471ec2016ccd1677",
    "https://deno.land/std@0.153.0/path/common.ts": "bee563630abd2d97f99d83c96c2fa0cca7cee103e8cb4e7699ec4d5db7bd2633",
    "https://deno.land/std@0.153.0/path/glob.ts": "cb5255638de1048973c3e69e420c77dc04f75755524cb3b2e160fe9277d939ee",
    "https://deno.land/std@0.153.0/path/mod.ts": "56fec03ad0ebd61b6ab39ddb9b0ddb4c4a5c9f2f4f632e09dd37ec9ebfd722ac",
    "https://deno.land/std@0.153.0/path/posix.ts": "c1f7afe274290ea0b51da07ee205653b2964bd74909a82deb07b69a6cc383aaa",
    "https://deno.land/std@0.153.0/path/separator.ts": "fe1816cb765a8068afb3e8f13ad272351c85cbc739af56dacfc7d93d710fe0f9",
    "https://deno.land/std@0.153.0/path/win32.ts": "bd7549042e37879c68ff2f8576a25950abbfca1d696d41d82c7bca0b7e6f452c",
    "https://deno.land/x/dotenv@v3.2.0/mod.ts": "077b48773de9205266a0b44c3c3a3c3083449ed64bb0b6cc461b95720678d38e",
    "https://deno.land/x/dotenv@v3.2.0/util.ts": "693730877b13f8ead2b79b2aa31e2a0652862f7dc0c5f6d2f313f4d39c7b7670",
    "https://deno.land/x/drash@v2.5.4/deps.ts": "47965237682aca07344d5dc163bb28c5fa74f9e5a2c32ed0b125965dc23d2f60",
    "https://deno.land/x/drash@v2.5.4/mod.ts": "50f2998206b965d11989f39cc4575773e8668fb0197499d34d0c88349745eb2b",
    "https://deno.land/x/drash@v2.5.4/src/dictionaries/mime_db.ts": "8c79952548980ff80977b0e245ac249042b18c78986959ece1c18f07f31a9a3e",
    "https://deno.land/x/drash@v2.5.4/src/dictionaries/mime_types.ts": "043c061375a750c7ae2c9bfd30d46063a5868fb93673ed4f5f09f2434d5defa5",
    "https://deno.land/x/drash@v2.5.4/src/errors.ts": "2e58ff8e8023fc68511f04328931a34cb265c8bd5ef792865ed3b1980f808c46",
    "https://deno.land/x/drash@v2.5.4/src/http/error_handler.ts": "9c1aa5b3e5c2545c7b632c3bc91132d3adfb34c466ec128cfb35ce5cac112403",
    "https://deno.land/x/drash@v2.5.4/src/http/request.ts": "d73945079961a9f4785542564149fa033b138f14aed0c606c8b7b5b74503e8d5",
    "https://deno.land/x/drash@v2.5.4/src/http/resource.ts": "b3fcba255669599055775e5a021f591002a471866ebe97a885908f572385a2cb",
    "https://deno.land/x/drash@v2.5.4/src/http/response.ts": "6a551effb7006fc69d26bc39972422816c0a6b605bea35936eb9efadf1152a36",
    "https://deno.land/x/drash@v2.5.4/src/http/server.ts": "c976c5b77bd2edca0aeb47fd6747d5a9041b22f0c4227a8b48207a8d8b43ef77",
    "https://deno.land/x/drash@v2.5.4/src/http/service.ts": "77ce0d066b290d8aa8b71aa6cab04d0ef7845b2cf1ddb56e4b4a37e3d6443f5b",
    "https://deno.land/x/drash@v2.5.4/src/interfaces.ts": "393c4cf837960c809bcefac13aa4c472efd594c5d26e87f18250a0a6ee1e08b0",
    "https://deno.land/x/drash@v2.5.4/src/services/cors/cors.ts": "c5bcaafb82bbb87c9574105df10cae05a313cac2922eeb4fbab4455767560ace",
    "https://deno.land/x/drash@v2.5.4/src/services/cors/deps.ts": "69083fa30f2e7503aa51791c0608780d543eb0c538641d02daa0bad239c36f9c",
    "https://deno.land/x/drash@v2.5.4/src/types.ts": "6cd3f29de0e78bef7ecbfe00bb7e15185041e95b7df4d7290e4e43362eda26d8",
    "https://deno.land/x/mongo@v0.29.3/deps.ts": "678e336e3eeba49aa41f350daf810582224bf68226d5210187117311842e6a80",
    "https://deno.land/x/mongo@v0.29.3/mod.ts": "0989f34d08c40440b8786140abdaf863e964e23df5d1a80e661d3d4170d9d21e",
    "https://deno.land/x/mongo@v0.29.3/src/auth/base.ts": "7fe14cf0a63d6bbc4ba69a000a04b3b184d26842504d94652a6af2d0c9494944",
    "https://deno.land/x/mongo@v0.29.3/src/auth/mod.ts": "b161611bd5be9e9d1b4497227c8ea93ad4daadcd98038c9e5a707bc5da7a25ca",
    "https://deno.land/x/mongo@v0.29.3/src/auth/pbkdf2.ts": "1f1db192fd37869d118ab34780b64567ebcf0ad83a03ef28b3d740cae9adb47a",
    "https://deno.land/x/mongo@v0.29.3/src/auth/scram.ts": "187db02e94e7e5423ec902e87d6839028770dca57830dca7f154dcd22a959c0f",
    "https://deno.land/x/mongo@v0.29.3/src/auth/x509.ts": "a75b27c549707dd441434ae400a3e6a24da7fe7d4e0e80c9bb79dfc6426b651e",
    "https://deno.land/x/mongo@v0.29.3/src/client.ts": "4d6113c76192f97848e1e859e911fee5cfa30b173b60861a40e08430eb87bf55",
    "https://deno.land/x/mongo@v0.29.3/src/cluster.ts": "cff69bf284a5c7fcaff231494f1ab56ca652e725e58622723e402fbb61448d0e",
    "https://deno.land/x/mongo@v0.29.3/src/collection/collection.ts": "4eb7746a8bb2016993a4c14e819432fc5c37bbe4a7982b1c2913e44290db808e",
    "https://deno.land/x/mongo@v0.29.3/src/collection/commands/aggregate.ts": "440906a670adb46edb36fd95573ffa83f192775108b621520be992165910e895",
    "https://deno.land/x/mongo@v0.29.3/src/collection/commands/find.ts": "5c3b750d8c82ce08d865a381bc71f600406cbc4912c4aa689238755579fb71f8",
    "https://deno.land/x/mongo@v0.29.3/src/collection/commands/list_indexes.ts": "d32a5120305d0547497026b4f5ab2ecc2f40ff7f44c405b99c2a0287765333f5",
    "https://deno.land/x/mongo@v0.29.3/src/collection/commands/update.ts": "cf352108a5dd34f0928c2196a432383d366b8ed292676c71358b9ecf1289418d",
    "https://deno.land/x/mongo@v0.29.3/src/collection/mod.ts": "bd791a0b9b46be4365f88c54893584eadec2f8cd799db9eb05e0b5b4c8d72b8e",
    "https://deno.land/x/mongo@v0.29.3/src/database.ts": "c808a41c71cf065e37fd1bca1a280373cd836c4f780f55ebe06b91e3e23efe36",
    "https://deno.land/x/mongo@v0.29.3/src/error.ts": "8180a822b0831a94a6a28815865b5b40e3996220684bea60fcb81b272ddd06eb",
    "https://deno.land/x/mongo@v0.29.3/src/gridfs/bucket.ts": "a4452d63f6928f57486a214a499b54b80b98cc0d13e3d85a6841b34d5ff12a61",
    "https://deno.land/x/mongo@v0.29.3/src/gridfs/indexes.ts": "dd1cf956380f716b9192e9d4d819c0d856b42bed99275056a336cc3ef17f34e2",
    "https://deno.land/x/mongo@v0.29.3/src/gridfs/upload.ts": "6a54a21b00c6f22ad0da6ceef7a2932dc600560f594c2551abd8e4a64976abae",
    "https://deno.land/x/mongo@v0.29.3/src/protocol/cursor.ts": "c370a28856fa236129cc2d7abf7ebc4ac6cdd60acb93e0e7371433f7332394cb",
    "https://deno.land/x/mongo@v0.29.3/src/protocol/handshake.ts": "3c3ba547d5322751b9756ce9a4750f3cf18febee0a64edca5b007634bd80e0fe",
    "https://deno.land/x/mongo@v0.29.3/src/protocol/header.ts": "0f28db842f886e57b7013606c1391affab2e2960a1a4568d2502e7b788117716",
    "https://deno.land/x/mongo@v0.29.3/src/protocol/message.ts": "b1121b98420c9a44783619c7a0b2f7bb2cb305dfc64adc3e6a9b7781f4d35a3a",
    "https://deno.land/x/mongo@v0.29.3/src/protocol/mod.ts": "4e24d563049c0a236234598ca786ca13778dc17fdb80ac543ac6c75d0c5094d7",
    "https://deno.land/x/mongo@v0.29.3/src/protocol/protocol.ts": "92568dd86e6ef3f54054113d9f5620f158fc1dfee2a7c9d13623975835d5996a",
    "https://deno.land/x/mongo@v0.29.3/src/types.ts": "6d53e4d241f5a7cb8fc8b9d750be19d85e51580b843535ab8f0c816a9f714e80",
    "https://deno.land/x/mongo@v0.29.3/src/types/gridfs.ts": "e1fd12c3ca58d437267e7a8557d745d23b9d8916d1da34c1847e5e373728dfa0",
    "https://deno.land/x/mongo@v0.29.3/src/types/read_write_concern.ts": "d00f35eb85520e776741888685d08d479766a19e9a0a970b53f4594c9db00496",
    "https://deno.land/x/mongo@v0.29.3/src/utils/ns.ts": "fb0c57b8dc4d31f8993112d267dec3c163d3e8862198d1cd03b2b51bcc3caad9",
    "https://deno.land/x/mongo@v0.29.3/src/utils/saslprep/deps.ts": "95ceb81b353110526dacf2a98854bc79d6e17d7f173af8806e91c05555d7b8c7",
    "https://deno.land/x/mongo@v0.29.3/src/utils/saslprep/load_code_points.ts": "f6a4ef2eb2345eac40ffbf1a30661cca803f399865f2a0fadafb71f57d4c97bf",
    "https://deno.land/x/mongo@v0.29.3/src/utils/saslprep/memory_pager.ts": "f55a79a13ec569c21630c3915a9af0c6fc0aa2b899121fa2a85a813c6dd4afba",
    "https://deno.land/x/mongo@v0.29.3/src/utils/saslprep/mod.ts": "0a8a39a0784d065a79c54ce63d7d7b103d0b94addc5b7bcf985517ba2442c8a1",
    "https://deno.land/x/mongo@v0.29.3/src/utils/saslprep/sparse_bitfield.ts": "07d6fe2ecd4ba5f711c44c1ae409bb9c1fe3a3cfc09e27434d231d4aae46dd2d",
    "https://deno.land/x/mongo@v0.29.3/src/utils/srv.ts": "09c207069ea6fec02ddcd77c797171e556771dd940eb190a95cf4c7138e87baa",
    "https://deno.land/x/mongo@v0.29.3/src/utils/uri.ts": "dcfab8e1dcfcc875c75ada1d9f366664480c03b65594990d6342ed88925452e5",
    "https://deno.land/x/web_bson@v0.1.10/deps.ts": "1fc81bbd1929aaf0c398d7cf88c0d6ce00d7b9a2eed1921c661e09f51dc39060",
    "https://deno.land/x/web_bson@v0.1.10/mod.ts": "a2b58ed2e1748e6faa56fbe6caf0e1937f4e77de15376cad920aea655b17bcf3",
    "https://deno.land/x/web_bson@v0.1.10/src/binary.ts": "813c81aa01b7618c6f9e987f23cc861b5c49312ad0c69cab72100f391dc49853",
    "https://deno.land/x/web_bson@v0.1.10/src/bson.ts": "a53f79dff04f2b60f5b0f849ff419ef5d15c0021c9478fe4b88c9661f1b7db79",
    "https://deno.land/x/web_bson@v0.1.10/src/code.ts": "21c33fbc1e38e78af8aef3603bde27cc552da8cdfd5fe5133c747114abaa39c2",
    "https://deno.land/x/web_bson@v0.1.10/src/constants.ts": "906fb45165e2df04332ffeb6a407b39d257b76ad64667ecfe4848bfc64934a5e",
    "https://deno.land/x/web_bson@v0.1.10/src/db_ref.ts": "e2a825ed2f55e38e1d9536a91db4bd1d110571093a792c598f1560de248ae05d",
    "https://deno.land/x/web_bson@v0.1.10/src/decimal128.ts": "0bf87a80a0aa7480e62ecbbd41ba8a7e78ab0504a7c5fabd6b11a6d21bb35252",
    "https://deno.land/x/web_bson@v0.1.10/src/double.ts": "6b4929a44127ddc4918cc519ff5fdf128ae9b889a78dd330c07aa6374c3866ab",
    "https://deno.land/x/web_bson@v0.1.10/src/error.ts": "d7aa0d57de5c6dc137402fc97219b6e136fc2dcddef90f031bdeb52181cc5275",
    "https://deno.land/x/web_bson@v0.1.10/src/float_parser.ts": "bffe91eae89d9d177a88d795981681ecf05850facfb92da93901576a268235cd",
    "https://deno.land/x/web_bson@v0.1.10/src/int_32.ts": "15ad35d75c891fd118701be93f13a79debb00e8076e8d0f2fd511fbc049b9a59",
    "https://deno.land/x/web_bson@v0.1.10/src/key.ts": "371e2cf61fa0de9c4da32a72de8800f7c4aa017a8e0557567e896ec37c9bdf2b",
    "https://deno.land/x/web_bson@v0.1.10/src/long.ts": "72601590f79f595c1b90283f9b1827c57f63b8f8fd4b75645dd74f5aeb177d56",
    "https://deno.land/x/web_bson@v0.1.10/src/objectid.ts": "b5ab4278419d9ca39d2b3dda1bc80d1ac227ebe5acd1b16cc699a7867c261a32",
    "https://deno.land/x/web_bson@v0.1.10/src/parser/calculate_size.ts": "ca1e81c793860c9200a3c6cfec220539524f81acca0d76738426bbf8ef857950",
    "https://deno.land/x/web_bson@v0.1.10/src/parser/deserializer.ts": "a17c4661930e03db7dd0d865950bf95bac648ea507c9de60d0f325fe0010443f",
    "https://deno.land/x/web_bson@v0.1.10/src/parser/serializer.ts": "88cfd83e435849c5cd70ac5b3d13a3b77e573a6e827943a0653102e4e5f6f375",
    "https://deno.land/x/web_bson@v0.1.10/src/parser/utils.ts": "7bfe19aaf71164d8326f82c1e01dabe6140c18939f4bd8961380495a7c76f57f",
    "https://deno.land/x/web_bson@v0.1.10/src/regexp.ts": "b0209125fb89d189e083037795b465ff890f852580d5400853c94075051cfc17",
    "https://deno.land/x/web_bson@v0.1.10/src/symbol.ts": "cefccbd5fd2ab29a839521e329dfc98af89f998874459afd646be8c0c014dcaf",
    "https://deno.land/x/web_bson@v0.1.10/src/timestamp.ts": "0bd0142670950ef3588071ecdcfae32494d647fde97215ac52803775349345fc",
    "https://deno.land/x/web_bson@v0.1.10/src/uuid.ts": "0c535dedcc0f46b8e0f5fc4d086fb41fd42b83ce7c3e1a885b1991626fe7adeb",
    "https://deno.land/x/web_bson@v0.1.10/src/uuid_utils.ts": "322cbea409a32cfdbffcae854b91bb30b80730741e032b98f5d6868ad63bc07d",
    "https://deno.land/x/web_bson@v0.1.10/src/validate_utf8.ts": "b7f4d723c379fb66aa84e148bb59f78f4e1c96847e28c38ee7f9f3bf35703ae4",
    "https://deno.land/x/web_bson@v0.1.10/utils.ts": "4c51c0be4bbb77c1e547eeef9b5aa53ffa611f628684875375103f627649ceb1",
    "https://esm.sh/ajv@8.11.0": "461460878f70ca181a70a7bcb3508b5741e7a8b1dc6ec535982ac529ab2c1b5b",
    "https://esm.sh/v102/ajv@8.11.0/deno/ajv.js": "7f9c42d421e434579461ab177fce09ccfb1c491debc543a6720714be71e03a8f",
    "https://esm.sh/v102/ajv@8.11.0/dist/ajv.d.ts": "35c5e47d65c533106447310cf93dd51f8df6c95d738260705ba8c974aed03add",
    "https://esm.sh/v102/ajv@8.11.0/dist/compile/codegen/code.d.ts": "44a8d350600656882fd7462774e32e8d13788313ba2e36d2e8d5437ac91b98df",
    "https://esm.sh/v102/ajv@8.11.0/dist/compile/codegen/index.d.ts": "588d1dba3c12f1ebbadf77f2aa08e8a38a83b29cf65b130fc11c56f2aaa9e683",
    "https://esm.sh/v102/ajv@8.11.0/dist/compile/codegen/scope.d.ts": "f3240dc2b776444f567365f560f6ee112443e4bd03a26b37b6c730758d72d0d1",
    "https://esm.sh/v102/ajv@8.11.0/dist/compile/errors.d.ts": "65c56e41c3ad2867c1c179e7cb8fd4fcbb4cdaa172e2cc5242fbbfab4be089c0",
    "https://esm.sh/v102/ajv@8.11.0/dist/compile/index.d.ts": "e51f482b3176dd4397b6ce32a76d4e9a4ae6818347cf2103e155128b17f66040",
    "https://esm.sh/v102/ajv@8.11.0/dist/compile/ref_error.d.ts": "b5e33c3fb8302173827cb3ee68d45c9ff45d2e8ec2a9b347ede1f0b5e00ccdf3",
    "https://esm.sh/v102/ajv@8.11.0/dist/compile/resolve.d.ts": "5a81d4ad7aecc51c5b057bde9709f62c99801892c0dd32a10c8f614389f3e7de",
    "https://esm.sh/v102/ajv@8.11.0/dist/compile/rules.d.ts": "f8a27b1788592a39fb5b325a884d15ad56baaabd0dcadd307654aec5e5f5a3e4",
    "https://esm.sh/v102/ajv@8.11.0/dist/compile/util.d.ts": "dcdc51f35fcc305b6a729c6c8932582b6e2c335923bed51618906898301eb1e2",
    "https://esm.sh/v102/ajv@8.11.0/dist/compile/validate/dataType.d.ts": "d181e1cf7ee329610300aefb66051edeaed7729c67fd230aa028cae3ccdb508a",
    "https://esm.sh/v102/ajv@8.11.0/dist/compile/validate/index.d.ts": "3e1bff49fa21ad6c11d06b5074fd623443dbd5db8fed3bd78411232401a0313e",
    "https://esm.sh/v102/ajv@8.11.0/dist/compile/validate/subschema.d.ts": "7a51b087c896915b9605a6ec9d8ea6c2dee15e5a4a810a930c951f47a9c461c5",
    "https://esm.sh/v102/ajv@8.11.0/dist/core.d.ts": "d62c6bc07fa16ce2c90837f70805fac35d2afeb40fcf1befcedbe7d91188a691",
    "https://esm.sh/v102/ajv@8.11.0/dist/runtime/validation_error.d.ts": "515ba5900e0017f5512f442a31826d4210ac782b9b6fad6dbfcab61b5f8c881f",
    "https://esm.sh/v102/ajv@8.11.0/dist/types/index.d.ts": "fdd6d907f2510272442aa92d8be6a3a1853bba628d8968870527abfc4aecd4d7",
    "https://esm.sh/v102/ajv@8.11.0/dist/types/json-schema.d.ts": "7dfd0308261bb91b058eb91802690fe3f09192b263e070a19df4d629df29e265",
    "https://esm.sh/v102/ajv@8.11.0/dist/types/jtd-schema.d.ts": "608eb9d411ac76e93a10e05f8aae92b3a5cefc87594219b737df7c8737ba2bd7",
    "https://esm.sh/v102/ajv@8.11.0/dist/vocabularies/applicator/additionalItems.d.ts": "a05f6c30ec1703a756587444de93048342ccceeb41f7002f0f92f68f2dde8387",
    "https://esm.sh/v102/ajv@8.11.0/dist/vocabularies/applicator/additionalProperties.d.ts": "a23a51ad728623fb4cb96227365d2f8247ade37a843fbab8db31b71e7a90cb2a",
    "https://esm.sh/v102/ajv@8.11.0/dist/vocabularies/applicator/anyOf.d.ts": "930471efe0320e1beb90a574dce5e01d02c6239784d191a6d94923adf421c229",
    "https://esm.sh/v102/ajv@8.11.0/dist/vocabularies/applicator/contains.d.ts": "6da04197ce9d2b630e3519689f7a310f27e0743b77de5754027606e690da6f0c",
    "https://esm.sh/v102/ajv@8.11.0/dist/vocabularies/applicator/dependencies.d.ts": "0d11a529fff4a701473d56241d7cab080b1ed04bff2795d0bf024e0dced083c1",
    "https://esm.sh/v102/ajv@8.11.0/dist/vocabularies/applicator/if.d.ts": "e4fd341538c02cf02dd74390a6cdf2a9bb7e171887f8eb1d483d8fcb8bde5ac2",
    "https://esm.sh/v102/ajv@8.11.0/dist/vocabularies/applicator/index.d.ts": "155b9d5f3d75dec4b253de8afe1d3cef1b0b8d7380ca46b2f2669c81beaeb24c",
    "https://esm.sh/v102/ajv@8.11.0/dist/vocabularies/applicator/items2020.d.ts": "cfde932318744080426df27b42d5d5ef6e500aa922d226f0d656621c60fd38b1",
    "https://esm.sh/v102/ajv@8.11.0/dist/vocabularies/applicator/not.d.ts": "8194df713caf2c965a5c4305c05df0af24693beee7d2577d9bb36acf64c609aa",
    "https://esm.sh/v102/ajv@8.11.0/dist/vocabularies/applicator/oneOf.d.ts": "c91e330bd3231658e61c8ceebee314c654c209c2dba3e0b288b26279b139251b",
    "https://esm.sh/v102/ajv@8.11.0/dist/vocabularies/applicator/propertyNames.d.ts": "886b7a0a2b87780dcd5fb34cb4c7fe3f972e847d0572a4aa84d28bafc609f6ed",
    "https://esm.sh/v102/ajv@8.11.0/dist/vocabularies/discriminator/index.d.ts": "689f3a77b73ec3ea96d04bf2527663b860e4944f24bf9f8b475e644a3df738e4",
    "https://esm.sh/v102/ajv@8.11.0/dist/vocabularies/discriminator/types.d.ts": "f93df1c782fce82d96d1efb8e2b694775ff62f451880317e8f0774381bd5aeec",
    "https://esm.sh/v102/ajv@8.11.0/dist/vocabularies/errors.d.ts": "e102e729562cf21c3ff3bade889e67ddbe9739b3ae9bf421a489dba60799327e",
    "https://esm.sh/v102/ajv@8.11.0/dist/vocabularies/format/format.d.ts": "094332dfe7cac20fadfce8a981c6b6e1a6bd3ddada39abdf3db023e6e29f3652",
    "https://esm.sh/v102/ajv@8.11.0/dist/vocabularies/unevaluated/unevaluatedItems.d.ts": "e45a8753954a44dc04245929286a1b635079a871114ae84d077a5b96cdfec552",
    "https://esm.sh/v102/ajv@8.11.0/dist/vocabularies/unevaluated/unevaluatedProperties.d.ts": "1e01afe6d1e887f20f0ad8fe3ed9bc08185b8d859b5a853dbdf725ccfaca93cc",
    "https://esm.sh/v102/ajv@8.11.0/dist/vocabularies/validation/const.d.ts": "82c42939c2918e702a12e73f2c51ab6abb5429c102e12aa7c093fc805c91d1b8",
    "https://esm.sh/v102/ajv@8.11.0/dist/vocabularies/validation/dependentRequired.d.ts": "d9b8cf84ccf55c53a6c1b2ef0d79d93f049b1cfeccb85681ed1719d48b34e7ec",
    "https://esm.sh/v102/ajv@8.11.0/dist/vocabularies/validation/enum.d.ts": "d859c8ed2fafda1070d782cf0068649d93a183cf1279219141c394c3381ef768",
    "https://esm.sh/v102/ajv@8.11.0/dist/vocabularies/validation/index.d.ts": "0449f5628645ad4f740be9a2cd8b7909366df6e81e582f49cda8d82b64759f4f",
    "https://esm.sh/v102/ajv@8.11.0/dist/vocabularies/validation/limitNumber.d.ts": "05962ddcd9df29eea47ec9187f09c3dacd3c465d9d5738579ab45033c56e2c10",
    "https://esm.sh/v102/ajv@8.11.0/dist/vocabularies/validation/multipleOf.d.ts": "1fab6cb4063a79566d4b7ca09556e426a59e5558c30997dc673d77facc409e02",
    "https://esm.sh/v102/ajv@8.11.0/dist/vocabularies/validation/pattern.d.ts": "c099ecc3f4dcfc5bb4fc9e71c1d1a18f8588c087f6feb7cc52d02d2b97927f84",
    "https://esm.sh/v102/ajv@8.11.0/dist/vocabularies/validation/required.d.ts": "0e4f131494dc4bb9fd47641f74210eaa338522341f9f3f7459c16511bd83aa0e",
    "https://esm.sh/v102/ajv@8.11.0/dist/vocabularies/validation/uniqueItems.d.ts": "eba1aa84b15c2a50bf36157437b896eb20af93979dc2dbf268441e9d8fcf2df0",
    "https://esm.sh/v102/fast-deep-equal@3.1.3/deno/fast-deep-equal.js": "4695b025e9a792678087d71f58e1fa07e8021b636d22fda8c0320fcff65a3c47",
    "https://esm.sh/v102/json-schema-traverse@1.0.0/deno/json-schema-traverse.js": "ff987aaea4950aa9c4eea3ca19c9ec2b3229434e22e711415aa77fb513689a9c",
    "https://esm.sh/v102/uri-js@4.4.1/deno/uri-js.js": "cb0fe68d76c29d62c7b79baf964e1b1c6623039faae892514776f0680711fc3e",
    "https://esm.sh/v102/uri-js@4.4.1/dist/es5/uri.all.d.ts": "9f3c5498245c38c9016a369795ec5ef1768d09db63643c8dba9656e5ab294825",
    "https://raw.githubusercontent.com/Pangeli70/apg-edr/master/deps.ts": "00144ef5c8bde39110e8377fc949a6f5e98ef8db6f29f77c96de0cb027ace3f2",
    "https://raw.githubusercontent.com/Pangeli70/apg-edr/master/mod.ts": "6e675d2c5421050af3ced3e6f53807ddf22c23eca52caf2302e77d1450103f60",
    "https://raw.githubusercontent.com/Pangeli70/apg-edr/master/src/enums/eApgEdrRequestParamSimpleTypes.ts": "53cfd18fd550674ed592c9067373d96712ac6c12daa900a27841fa6d4438f783",
    "https://raw.githubusercontent.com/Pangeli70/apg-edr/master/src/interfaces/IApgEdrEveryRequest.ts": "687c8eb45569679e77d71decdd1a9df55a9b5f1f5ad76126b09af65df75e517f",
    "https://raw.githubusercontent.com/Pangeli70/apg-edr/master/src/interfaces/IApgEdrLoggableRequest.ts": "4a395b485db64e7149777591b85191e22859715ad969441d3ed9fcd5269b1dff",
    "https://raw.githubusercontent.com/Pangeli70/apg-edr/master/src/interfaces/IApgEdrProtectedRequest.ts": "ca1e3d762e6dc3821355a72e85018d1fb8afeaecd3b84240ea244ef15331b7b8",
    "https://raw.githubusercontent.com/Pangeli70/apg-edr/master/src/interfaces/IApgEdrRequestParams.ts": "5dffa3d04bb37b62c3c541f339e1aa2b5f0ae84fae592c4747ddf671cfdf9acd",
    "https://raw.githubusercontent.com/Pangeli70/apg-edr/master/src/interfaces/IApgEdrStaticResourceCacheableItem.ts": "d803d2c3637373a26253d07ba64e5fe4ea8a65fd48fc919ef85acaa1e539df29",
    "https://raw.githubusercontent.com/Pangeli70/apg-edr/master/src/resources/ApgEdrLoggableResource.ts": "a7a5f2abec0b95a9753cb46a266f79f5c8f3ddfea42abb4d3fbfc7b97eb47182",
    "https://raw.githubusercontent.com/Pangeli70/apg-edr/master/src/resources/ApgEdrPublicBinFileResource.ts": "b285a0df2498bd0fd6ee589282eead976aee036e9184defafea63d73537f56a7",
    "https://raw.githubusercontent.com/Pangeli70/apg-edr/master/src/resources/ApgEdrPublicTextFileResource.ts": "81ad902a8d4fcaee51bda16653a6ad4b6d72812f905b6640b7ef8afdc189c21e",
    "https://raw.githubusercontent.com/Pangeli70/apg-edr/master/src/resources/ApgEdrResource.ts": "68280329798a69c83623f7188607c55bfe14c969ef6793e313e4bcf5c931cbd7",
    "https://raw.githubusercontent.com/Pangeli70/apg-edr/master/src/resources/ApgEdrStaticResource.ts": "a35edcd329681730b6836d477d569bf1b55447f56a01c0a8a5d91e45ccaa4bea",
    "https://raw.githubusercontent.com/Pangeli70/apg-edr/master/src/services/ApgEdrEveryReqService.ts": "1ebc3e82334831525c39d03da6b7336b88dfa84f0413545e154efc1a01686709",
    "https://raw.githubusercontent.com/Pangeli70/apg-edr/master/src/services/ApgEdrLoggableService.ts": "6aaa299e6894960ea94461e0bea7da13901f29f2e617480a4468b46d927a252e",
    "https://raw.githubusercontent.com/Pangeli70/apg-edr/master/src/services/ApgEdrParamsService.ts": "c5a6d2ce4b12895f9204d3c3b7a2a4055779bead9e2d53d334d644bc9fac71a3",
    "https://raw.githubusercontent.com/Pangeli70/apg-edr/master/src/types/TApgEdrSimpleParam.ts": "4d7b0e88df88c38fcdf2e0c02553c753a4beedf151cb7f54a191248f2de995fd",
    "https://raw.githubusercontent.com/Pangeli70/apg-jsv/master/deps.ts": "d0c677c9907377f68560d0ebab4fd0f0cb503d03f477b4f1aa1d66fc9e560b0d",
    "https://raw.githubusercontent.com/Pangeli70/apg-jsv/master/mod.ts": "f2922155e9450a5b5003a64d6b06c19ea0ca03df475bc3a69466831f9129fb06",
    "https://raw.githubusercontent.com/Pangeli70/apg-jsv/master/src/classes/ApgJsvAjvValidator.ts": "023c85141d4169ceb1ce19e72bde44bdf284b380fdfe3f13639eb3695fa2e35a",
    "https://raw.githubusercontent.com/Pangeli70/apg-jsv/master/src/classes/ApgJsvService.ts": "37bbe01d0728b0d9e6cb3cf8428749f683e70076bc53dcea0380a5dc4b792cf1",
    "https://raw.githubusercontent.com/Pangeli70/apg-jsv/master/src/enums/eApgJsvCodedErrors.ts": "18004882c3335f3d96824cddbe9a0e89e58d9bd0582edf4efd761b461b739f14",
    "https://raw.githubusercontent.com/Pangeli70/apg-jsv/master/src/interfaces/IApgJsvAjvResult.ts": "1b43f801ea91ac5c9d94c39334ee07268818ca3c12475e1a06eebd5d9866eb7e",
    "https://raw.githubusercontent.com/Pangeli70/apg-jsv/master/src/interfaces/IApgJsvAjvValidatorSpec.ts": "be772653ffe0042ba9619f6fdfe867ccef58db5ea3da1bee8a0b99850bde2982",
    "https://raw.githubusercontent.com/Pangeli70/apg-jsv/master/src/interfaces/IApgJsvAjvValidatorSpecError.ts": "e44fee5b1794be7631cb95130ce60bc241bb9c9b724e392a9a8c85c1a9bca1aa",
    "https://raw.githubusercontent.com/Pangeli70/apg-jsv/master/src/interfaces/IApgJsvEnum.ts": "af2215e0ff9df45ce041f66ce9fa9257acf9e52901add4ace6e7972e64e47be7",
    "https://raw.githubusercontent.com/Pangeli70/apg-jsv/master/src/interfaces/IApgJsvFindResult.ts": "b9cd97ea5aa6264168b86885e2a6602785bd5149084d6c4616c913328b6fc965",
    "https://raw.githubusercontent.com/Pangeli70/apg-jsv/master/src/interfaces/IApgJsvInterface.ts": "f819213a051aa77b2192cb55c5c3c07615fd9a4e1e4f8baf15fa8333d4205eca",
    "https://raw.githubusercontent.com/Pangeli70/apg-jsv/master/src/interfaces/IApgJsvProperty.ts": "4bc4411cf53e8b811552db23ada293368d86ae192a283c4d0313431c571362cc",
    "https://raw.githubusercontent.com/Pangeli70/apg-jsv/master/src/interfaces/IApgJsvSchema.ts": "cf3d28c1d7404784cd93feea2be45e2375a6b6deec9f488224a3834a070236b6",
    "https://raw.githubusercontent.com/Pangeli70/apg-jsv/master/src/schemas/ApgJsvEnumSchema.ts": "903f6709637457239ba1de8ac5e5159b815f6dbdfdddc52fc786b85bc48ad4cf",
    "https://raw.githubusercontent.com/Pangeli70/apg-jsv/master/src/schemas/ApgJsvInterfaceSchema.ts": "e57676a09dc9b59cfada859b9fe26b6125164a80c9a7a8c20dac70b25cdb90b7",
    "https://raw.githubusercontent.com/Pangeli70/apg-jsv/master/src/schemas/ApgJsvSchemaSchema.ts": "60cc6d1e022ba800f466a83fce5f42dc1fffd919de3aaab6bfde49292d1d77b6",
    "https://raw.githubusercontent.com/Pangeli70/apg-jsv/master/src/schemas/ApgJsv_UtsSpecableSchema.ts": "c1a8763152f300dbdd9a081148fb53170e93aca2004807da030036a0ea3daacd",
    "https://raw.githubusercontent.com/Pangeli70/apg-jsv/master/src/types/TApgJsvTypes.ts": "a3626d32cfc536f0b4cd0ce7deca176b29e001ad2c29291baf043afb44b8eb4c",
    "https://raw.githubusercontent.com/Pangeli70/apg-lgr/master/deps.ts": "355f8fb465dcfcc13a930d025011ebe4696551b6ff15b41c0f550c05ea07061a",
    "https://raw.githubusercontent.com/Pangeli70/apg-lgr/master/mod.ts": "de471478cf4ae816cc439ce383e8d52867de1ac0753337d9fd1d3d480f8fdf6a",
    "https://raw.githubusercontent.com/Pangeli70/apg-lgr/master/src/classes/ApgLgr.ts": "4c3296b7079539e2ed0612b4952d19c4141324c9e550ae98dd19a12d729670ee",
    "https://raw.githubusercontent.com/Pangeli70/apg-lgr/master/src/classes/ApgLgrEvent.ts": "0de3f9db3a3c96df21ad5e30f3aab63d2310a23d359578d165d152f5daabd2eb",
    "https://raw.githubusercontent.com/Pangeli70/apg-lgr/master/src/classes/ApgLgrLoggable.ts": "e66aedc61da187fcc1e2c4699cc8e5de17b43c5e577fed9e3e729ebbe12e1d32",
    "https://raw.githubusercontent.com/Pangeli70/apg-lgr/master/src/classes/ApgLgrLogsDbService.ts": "56ccd07a5293a9a7acf9ac976b824011744789478c6b0f350d68abf5f8e354a9",
    "https://raw.githubusercontent.com/Pangeli70/apg-lgr/master/src/classes/ApgLgrLogsFsService.ts": "ebe39a35bc4c63340dd38a66e8948f9186e93fb5bae76757e38e771327de15da",
    "https://raw.githubusercontent.com/Pangeli70/apg-lgr/master/src/classes/ApgLgrLogsService.ts": "b531ae2ba0f347a24f56adb92cd614430649a7dd2802fd365a8441c498b239a6",
    "https://raw.githubusercontent.com/Pangeli70/apg-lgr/master/src/enums/eApgLgrTransportTypes.ts": "7194a6096c2fd05510b37bac1782a74cc9e3268686a0eb32c466cd7b790d1566",
    "https://raw.githubusercontent.com/Pangeli70/apg-lgr/master/src/interfaces/IApgLgr.ts": "0cc6ed4fecc124c8eb17cb84d44d82f0e73caa2c985852338cc51e6ee526c175",
    "https://raw.githubusercontent.com/Pangeli70/apg-lgr/master/src/interfaces/IApgLgrEvent.ts": "ff6d6ad5abd5d447e308f07da836711c51047cfd61b9eb102d4eda2a8a6c0bba",
    "https://raw.githubusercontent.com/Pangeli70/apg-lgr/master/src/interfaces/IApgLgrTransport.ts": "25984bb5559f03cedad8d6eebbe86599ba8a1f15f3b702436856939f39afbb0e",
    "https://raw.githubusercontent.com/Pangeli70/apg-mng/master/deps.ts": "84f19db1f6d1cfa681bdeab62673929f558a158c2816c618038134dc957ddcbd",
    "https://raw.githubusercontent.com/Pangeli70/apg-mng/master/mod.ts": "b927855adb9091795c553fbfe4dbc796e91df41b933fa2f22112ba65a3539ebc",
    "https://raw.githubusercontent.com/Pangeli70/apg-mng/master/src/classes/ApgMngAtlasService.ts": "caf5c2a19d2ae0abe6a6817ece55a191751c6363f83e27019955c77df82f96fd",
    "https://raw.githubusercontent.com/Pangeli70/apg-mng/master/src/classes/ApgMngConnector.ts": "29e19e1cc99b310c937555409cc369fafffafa37af958f3e532a0c8134853ba0",
    "https://raw.githubusercontent.com/Pangeli70/apg-mng/master/src/classes/ApgMngLocalService.ts": "e71969f7d944df2a33a4d26d177b5019f56308e034ea5e3e0c103e73ed4901ce",
    "https://raw.githubusercontent.com/Pangeli70/apg-mng/master/src/classes/ApgMngService.ts": "b9e160dca54a3c70b21011d7ebd0f4eb2d1ce11e35a435d1238ab6eecf37a0ec",
    "https://raw.githubusercontent.com/Pangeli70/apg-mng/master/src/enums/eApgMngMode.ts": "e5e7fd2bbe29226dd3b6218683af99c4e0cef17b2ca0c8400d4317fe7aacfff3",
    "https://raw.githubusercontent.com/Pangeli70/apg-mng/master/src/interfaces/IApgMngUpdateResult.ts": "a21fd7db3d1f1f2bb2165cded4cfa7a9d0eb1e16f4fc93cf2834d9871ae0ec78",
    "https://raw.githubusercontent.com/Pangeli70/apg-mng/master/src/types/TApgMngInsertResult.ts": "ba06911b0f1ac6c6e4ccecab8f9631a9e5ff64cf85ba1180bfbcc65628eace2e",
    "https://raw.githubusercontent.com/Pangeli70/apg-rst/master/deps.ts": "0643f8585a83afa3058aa681dd4b129548e2c279c4111341df298648ce4ae358",
    "https://raw.githubusercontent.com/Pangeli70/apg-rst/master/mod.ts": "31670f3d4b23d31a80a318fb46283fdc4242b2ab751dcc501a956be3da2b7a13",
    "https://raw.githubusercontent.com/Pangeli70/apg-rst/master/src/classes/ApgRst.ts": "945eeb0488a85f8dd9fe12352b0ef8cc29406d4b408f7f527db7a3f3412d3d33",
    "https://raw.githubusercontent.com/Pangeli70/apg-rst/master/src/classes/ApgRstAssert.ts": "0c0309d1a76c50519bfe39d0b0e90491b20207b9ecec6a2c5981339f1804a577",
    "https://raw.githubusercontent.com/Pangeli70/apg-rst/master/src/classes/ApgRstErrors.ts": "4e6cb5e3fe117ea5654b66f4b7dfcdc0a12a7cc52fbd87b04b961e6a315ff1d2",
    "https://raw.githubusercontent.com/Pangeli70/apg-rst/master/src/classes/ApgRstPayload.ts": "c4bf78c75b18299239c0e1348778dae75b482219dc0c83cd9afc2f7e884b8b91",
    "https://raw.githubusercontent.com/Pangeli70/apg-rst/master/src/enums/eApgRstErrorCodes.ts": "e54fc458a1ec9f9b2c02b6196bfd5cbfdbcd3a597b9ff4cd81d04935b628944a",
    "https://raw.githubusercontent.com/Pangeli70/apg-rst/master/src/interfaces/IApgRst.ts": "b8f575eb1fa3fa38819275c3eae327b46127c4772b16c6601654ff53aeceb09e",
    "https://raw.githubusercontent.com/Pangeli70/apg-rst/master/src/interfaces/IApgRstCodedMessage.ts": "cff295eb26c40ca69ea8c9325c4655565f833b14208852883a7b8e1c9d889b70",
    "https://raw.githubusercontent.com/Pangeli70/apg-rst/master/src/interfaces/IApgRstPayload.ts": "76f68889b7f5aa8a0ed85771ab9bec375bed286f29ea4defe708f7dcdd636ae5",
    "https://raw.githubusercontent.com/Pangeli70/apg-tng/master/deps.ts": "ade781c815cc4d3336569be7f0a4534f843a8837b3fe946d4982b92895854bfd",
    "https://raw.githubusercontent.com/Pangeli70/apg-tng/master/mod.ts": "6f9ead61348141fe502def8f1fc5e5fdce5749dd79d69895ffbac0df84dcfcc0",
    "https://raw.githubusercontent.com/Pangeli70/apg-tng/master/src/classes/ApgTngService.ts": "1fe7c1adf4053054abada4aed8c795078fbfacefd8ed98bfef1cd5c1ac832b84",
    "https://raw.githubusercontent.com/Pangeli70/apg-tng/master/src/enums/eApgTngMkpDictionary.ts": "64a997e78a160103c6639df0b84e50ced4d018e975199cea79e0d29041a14f1e",
    "https://raw.githubusercontent.com/Pangeli70/apg-tng/master/src/interfaces/IApgTngServiceOptions.ts": "b2cb90e8691b3ba2dfb116139473fca6185ee6ffdda277af077ebda615a5dc61",
    "https://raw.githubusercontent.com/Pangeli70/apg-uts/master/deps.ts": "29fce66f9e7d2357e015cf6f49d2358430c44297a57699de04cf15a15c8a87c1",
    "https://raw.githubusercontent.com/Pangeli70/apg-uts/master/mod.ts": "a332c66fa0ddf4b5b6470b0d8ec5417c6d4e4d5040df7925c436c126a024e9e4",
    "https://raw.githubusercontent.com/Pangeli70/apg-uts/master/src/classes/ApgUtsDateTimeStamp.ts": "5705260a0ce18dc62ae0df057c50ddf7ce227745bf5e32f012b765d9ea915db3",
    "https://raw.githubusercontent.com/Pangeli70/apg-uts/master/src/classes/ApgUtsEnum.ts": "7f58caaf7c49e6aed60f3e3ff62944f9dcbd5de94ccc7dad2b7aeefc56708049",
    "https://raw.githubusercontent.com/Pangeli70/apg-uts/master/src/classes/ApgUtsFs.ts": "ddbc0bfa1ac19950dfe12b664e0ef5cd2912aadb9f928f0d3c136fcad90b99e0",
    "https://raw.githubusercontent.com/Pangeli70/apg-uts/master/src/classes/ApgUtsIs.ts": "dee2482c744ed8aef774a95816be8d67cbdfae19cfb815a234aba30221c2035f",
    "https://raw.githubusercontent.com/Pangeli70/apg-uts/master/src/classes/ApgUtsJsonFile.ts": "4631b37e56bfbb20379268c30c39a66a75dd233de4c11e62861677af4abf6b81",
    "https://raw.githubusercontent.com/Pangeli70/apg-uts/master/src/classes/ApgUtsMap.ts": "570ae9ef1e4dbf4bfaf1557f727bf235395bae46cc97106fef0c3a574f00e9f3",
    "https://raw.githubusercontent.com/Pangeli70/apg-uts/master/src/classes/ApgUtsMath.ts": "e9026a66e67dc6b2797bbbfe7b51984b309b10a66e72632ff988a4ff6453cd6e",
    "https://raw.githubusercontent.com/Pangeli70/apg-uts/master/src/classes/ApgUtsMeta.ts": "e2547642ac263066e9781e160e089f97372bf9781846ea18c3f701945580dd5a",
    "https://raw.githubusercontent.com/Pangeli70/apg-uts/master/src/classes/ApgUtsMetaUrl.ts": "84ad3811c08779c2a3a8bccb3045cbabb6075ef85a170f2592cee82b0003d026",
    "https://raw.githubusercontent.com/Pangeli70/apg-uts/master/src/classes/ApgUtsObj.ts": "5c775e4f348937b64bb78ed1586f21d4566b2297be0c40efd6166cf8023c3c14",
    "https://raw.githubusercontent.com/Pangeli70/apg-uts/master/src/classes/ApgUtsServer.ts": "f45aed99b004f0c86733a160ee4162177b00f6e1d8d21d748fad64973a879192",
    "https://raw.githubusercontent.com/Pangeli70/apg-uts/master/src/classes/ApgUtsSpecable.ts": "b9720212cda0cb4056737bbfc19bbc75775b90d01a08ddce2b9815c413a4fc7a",
    "https://raw.githubusercontent.com/Pangeli70/apg-uts/master/src/classes/ApgUtsStr.ts": "3d712f968cfc77cdbe8e5c86d8a6346d5f2ad42c56b04d8a5e34cef3b587e971",
    "https://raw.githubusercontent.com/Pangeli70/apg-uts/master/src/enums/eApgUtsLogMode.ts": "94823b13c85fd44f20f3285df9325c6ddfbe281e8e50cb08e9ef282d38bec001",
    "https://raw.githubusercontent.com/Pangeli70/apg-uts/master/src/enums/eApgUtsSpecClause.ts": "3ba2f69011bb396c844e838fdbb5c31e74334212e77c3017213fadfa2e8d1759",
    "https://raw.githubusercontent.com/Pangeli70/apg-uts/master/src/enums/eApgUtsSpecRun.ts": "41c338ffbcf7340f6fdd25ea3cf8f98af52bce8d0c89d475b53db495fd4dae95",
    "https://raw.githubusercontent.com/Pangeli70/apg-uts/master/src/interfaces/IApgUtsServerInfo.ts": "b6e7f9abe28f1fe78a38c75ead7e238ed2f634f6d3b8637b5f45e9529956de4c",
    "https://raw.githubusercontent.com/Pangeli70/apg-uts/master/src/interfaces/IApgUtsSpecEvent.ts": "b491e908ebc15a462157517375308d73383007fde286ab4313d8088cdd2e6e34",
    "https://raw.githubusercontent.com/dmpjs/vary/v1.1.0/mod.ts": "67bf3456d7a3e5136f1bacb47c842dd9b586104930bdb96768eb1aa3f7c2ea72",
    "https://raw.githubusercontent.com/dmpjs/vary/v1.1.0/src/append.ts": "cb4819b36591878947af2e608a8a5ecc33a083f5df0f213396268d3305866f70",
    "https://raw.githubusercontent.com/dmpjs/vary/v1.1.0/src/vary.ts": "f58c714b97dada334055d21c31aec9034628609ad3ed39309028eb95df2b3ad9"
  }
}
